package.json
src/funcs/batch-track.ts
src/models/customer-data.ts
src/sdk/rewards.ts
src/models/customer-expand.ts
src/models/create-reward-op.ts
src/sdk/features.ts
src/models/release-license-op.ts
src/models/finalize-lock-op.ts
src/funcs/referrals-get-program.ts
src/models/update-reward-op.ts
src/funcs/entities-list.ts
src/funcs/billing-setup-payment.ts
src/models/list-referral-programs-op.ts
src/funcs/referrals-delete-program.ts
src/models/mint-key-op.ts
src/models/multi-update-op.ts
src/funcs/entities-delete.ts
src/funcs/plans-list.ts
src/models/balance.ts
src/funcs/plans-create.ts
docs/lib/utils/retryconfig.md
docs/lib/utils/retryconfig.md
src/models/get-or-create-customer-op.ts
examples/package.json
docs/sdks/licenses/README.md
src/models/preview-multi-attach-op.ts
src/sdk/plans.ts
src/models/delete-customer-op.ts
src/models/update-entity-op.ts
src/models/create-referral-program-op.ts
src/sdk/billing.ts
src/models/get-customer-op.ts
src/funcs/customers-list.ts
src/models/batch-track-op.ts
src/funcs/plans-delete.ts
src/funcs/balances-update.ts
