speakeasyVersion: 1.719.0
sources:
    Autumn API:
        sourceNamespace: autumn-api
        sourceRevisionDigest: sha256:cb77449950de6390b353ba6780b3ec5168a6fb7bdc039120749e8a0dd9e522ca
        sourceBlobDigest: sha256:1295e2ee2c5fd69238da680273b71b1f7e6037f848f163ed5a7d42f19e60d95d
        tags:
            - latest
            - 2.1.0
    Autumn API Stripped:
        sourceNamespace: autumn-api-stripped
        sourceRevisionDigest: sha256:3c2b0984859b57cb45257efef3e1a1bfe48fd0ef1c2e3c3702d42b955cf096db
        sourceBlobDigest: sha256:a10bc74dc833d54d6024f61f2d24fd5975f011ab69e88b489a46abb73c1eb4bd
        tags:
            - latest
            - 2.1.0
targets:
    autumn:
        source: Autumn API
        sourceNamespace: autumn-api
        sourceRevisionDigest: sha256:cb77449950de6390b353ba6780b3ec5168a6fb7bdc039120749e8a0dd9e522ca
        sourceBlobDigest: sha256:1295e2ee2c5fd69238da680273b71b1f7e6037f848f163ed5a7d42f19e60d95d
        codeSamplesNamespace: autumn-api-typescript-code-samples
        codeSamplesRevisionDigest: sha256:7146b730802f6b22806257917cd80da20b15cf66891d6dbe5d624e7c7ccb4b8d
    autumn-python:
        source: Autumn API Stripped
        sourceNamespace: autumn-api-stripped
        sourceRevisionDigest: sha256:3c2b0984859b57cb45257efef3e1a1bfe48fd0ef1c2e3c3702d42b955cf096db
        sourceBlobDigest: sha256:a10bc74dc833d54d6024f61f2d24fd5975f011ab69e88b489a46abb73c1eb4bd
        codeSamplesNamespace: autumn-api-python-code-samples
        codeSamplesRevisionDigest: sha256:ca39ee64d522fc8fdba083d3fc8eef936be15f8f65340bb75bb6cce7b7190561
workflow:
    workflowVersion: 1.0.0
    speakeasyVersion: pinned
    sources:
        Autumn API:
            inputs:
                - location: ../openapi/openapi.yml
            transformations:
                - removeUnused: false
            output: .speakeasy/out.openapi.yaml
            registry:
                location: registry.speakeasyapi.dev/autumn-gne/autumn/autumn-api
        Autumn API Stripped:
            inputs:
                - location: ../openapi/openapi-stripped.yml
            transformations:
                - removeUnused: false
            registry:
                location: registry.speakeasyapi.dev/autumn-gne/autumn/autumn-api-stripped
    targets:
        autumn:
            target: typescript
            source: Autumn API
            codeSamples:
                output: .speakeasy/code-samples.overlay.yaml
                registry:
                    location: registry.speakeasyapi.dev/autumn-gne/autumn/autumn-api-typescript-code-samples
                labelOverride:
                    fixedValue: Typescript (SDK)
                blocking: false
        autumn-python:
            target: python
            source: Autumn API Stripped
            output: ../../others/python-sdk
            codeSamples:
                output: ../../others/python-sdk/.speakeasy/code-samples.overlay.yaml
                registry:
                    location: registry.speakeasyapi.dev/autumn-gne/autumn/autumn-api-python-code-samples
                labelOverride:
                    fixedValue: Python (SDK)
                blocking: false
