lockVersion: 2.0.0
id: 9324faa9-b81e-4df0-984a-a5c7f602189d
management:
  docChecksum: 99f59071839b12dd732f27b630262b26
  docVersion: 2.3.0
  speakeasyVersion: 1.763.5
  generationVersion: 2.884.11
  releaseVersion: 0.0.1
  configChecksum: e250d9ffeeebc87b30fba07980b9c517
persistentEdits:
  generation_id: 8dc637e5-c6d2-42ee-9ff7-75e4fd0ce3d1
  pristine_commit_hash: 1d338d384af9edb23636ef9f11aa1ae1596aa1c0
  pristine_tree_hash: 017592732100759d6f5bffcb9df254c69bcb72aa
features:
  mcp-typescript:
    additionalDependencies: 0.1.0
    constsAndDefaults: 0.1.2
    core: 1.2.28
    defaultEnabledRetries: 0.1.0
    enumUnions: 0.1.0
    globalSecurity: 0.1.3
    globalSecurityCallbacks: 0.0.0
    globalServerURLs: 0.1.2
    globals: 0.1.0
    hiddenGlobals: 0.1.0
    nameOverrides: 0.1.2
    nullables: 0.1.0
    responseFormat: 0.1.1
    retries: 0.1.0
    sdkHooks: 0.3.0
    unions: 0.2.0
trackedFiles:
  .dxtignore:
    id: 0ee1c4f92736
    last_write_checksum: sha1:0cbab1b303d9060f6324f6a9cddabe13c2cfa7c9
    pristine_git_object: 21eeace1d85822ffb013f6c0667a19f35c33cee0
  .gitattributes:
    id: 24139dae6567
    last_write_checksum: sha1:26d16d8297b104945139da8c25bd38feeaad3e25
    pristine_git_object: 113eead5093c17d43a46159132885318f281a68a
  .npmignore:
    id: aa70c1f807c3
    last_write_checksum: sha1:aa14435f0c166ebc0edbf1ae6f65128e33dc8c97
    pristine_git_object: 0bc901db2a899e4b8f0bdcbea7fd547ef18e2fd9
  eslint.config.mjs:
    id: 461c8d07f6da
    last_write_checksum: sha1:576025302d3d8650f37276bc9075f6ade3842cc7
    pristine_git_object: 4f9e60a9462fc4def738d60c3aaadf8232ef185f
  manifest.json:
    id: ca642a226869
    last_write_checksum: sha1:7c8d573cab53b495aa8a844775eb79e698c55d4a
    pristine_git_object: 3edd57dd6b54dab2bc47c2c9b926d1362d80c49d
  package.json:
    id: 7030d0b2f71b
    last_write_checksum: sha1:f3e56855315cd1f7d2fe9a1d2ce3a19c7773ce41
    pristine_git_object: f797c580ecd555957935006a6dd1f4e7233a2c1b
  src/core.ts:
    id: f431fdbcd144
    last_write_checksum: sha1:9eaef16c58ff8b25848285561e213f119d9ca372
    pristine_git_object: e31bd26001cf4ba3b87ca6a4e5f9b6ebad5601a7
  src/funcs/billingAttach.ts:
    id: fd776a1c4f84
    last_write_checksum: sha1:85823fd1afca196a7014ce539361ed46b77e30ec
    pristine_git_object: 6c78fcf634ff303d3fd8111dc5230c8d4e630bab
  src/funcs/billingPreviewAttach.ts:
    id: 6f27f39ab3c2
    last_write_checksum: sha1:6f2c7e3f1dbe06344e3667339d7faa7c5821e269
    pristine_git_object: ce0b9958924f64195db584e05b7056c00b856405
  src/funcs/billingPreviewUpdate.ts:
    id: 193d0c462206
    last_write_checksum: sha1:1a8baac1267108d2b762c20848cd80d945dc0182
    pristine_git_object: 23b0a545b6d86f06f8eed670673245fe3adcef10
  src/funcs/billingUpdate.ts:
    id: 3ef75eb1112e
    last_write_checksum: sha1:35fd3f32758eafffaa1d3bca63bca025f1f46933
    pristine_git_object: 8d68e6f4b40a8cfaed0768e7df8447ef89aa726d
  src/funcs/customersGet.ts:
    id: 02794d47465d
    last_write_checksum: sha1:2f37299fc169cc41ba2447f822c5c640f1f636ed
    pristine_git_object: f02446d74c1eab0c7e6d4d7e91b404ddabe3ac8a
  src/funcs/customersList.ts:
    id: ec574597f882
    last_write_checksum: sha1:121e3058975453a496bfa289951304c5f91464c9
    pristine_git_object: dd121e7affa5bb959b9a4978d22214a074a28e35
  src/funcs/plansGet.ts:
    id: d61277b1f1a5
    last_write_checksum: sha1:61fe814b1a85a508cbc25933f4f3d31549bb989f
    pristine_git_object: 5802a64b9dc468f4a832d5a323906293235454d7
  src/funcs/plansList.ts:
    id: fc8ae5724bf3
    last_write_checksum: sha1:ee629bcd94857606b97e1dd94e7c4cc413ad271e
    pristine_git_object: 89d365a7e201c46abc81a8a99bd6ad1c78cd47b7
  src/hooks/hooks.ts:
    id: a2463fc6f69b
    last_write_checksum: sha1:141e45a4b047589e6ec69eef5da26fab909f44e9
    pristine_git_object: a4220b5e2f8fc59c2862870fc6bf2c38bd8efcff
  src/hooks/types.ts:
    id: 2a02d86ec24f
    last_write_checksum: sha1:27a3444c4839bec58ae89820fd8c2483edafc3f4
    pristine_git_object: 9c36bf01332084f735909a71036c3544cc4c7e3a
  src/landing-page.ts:
    id: ef64a6ee46d7
    last_write_checksum: sha1:7cba7502a930a88f04b8dad7072855947c3a5449
    pristine_git_object: ee0d0db966278dfb8bac7cdfc06eb7412ff91fbb
  src/lib/base64.ts:
    id: "598522066688"
    last_write_checksum: sha1:e9f04a037018040361043104960982f7c22db52d
    pristine_git_object: d4bd8b341290e7a828a171d840bd0b0fff7c7cd7
  src/lib/config.ts:
    id: 320761608fb3
    last_write_checksum: sha1:a77094e9b7b229cbbaef337eac84b09f21407737
    pristine_git_object: fc408ed6effd1668804091c40bbec920a651d181
  src/lib/dlv.ts:
    id: b1988214835a
    last_write_checksum: sha1:1dd3e3fbb4550c4bf31f5ef997faff355d6f3250
    pristine_git_object: e81091f5e536f82739f71379b1fddc2d147c49e2
  src/lib/encodings.ts:
    id: 3bd8ead98afd
    last_write_checksum: sha1:c215f841a1ed6219e406215c453ac40f3d031eef
    pristine_git_object: d8af4f72888097a078f662a89f0bcf11b73e3eed
  src/lib/env.ts:
    id: c52972a3b198
    last_write_checksum: sha1:ce97e3b9d981c79c5b51a7b81c478d713b7b1dbe
    pristine_git_object: 372e1323d2557c541ac8c156bca9c5698b0f4d61
  src/lib/files.ts:
    id: e5efa54fcb95
    last_write_checksum: sha1:795c14026405d547bfc47012f7ad9666e530fa7f
    pristine_git_object: 6ca6b37d35a12448da176ee2517cc036db12c81c
  src/lib/http.ts:
    id: 63a80782d37e
    last_write_checksum: sha1:797cbf16d3c7c4d62d3ba0eedb08617524938457
    pristine_git_object: 13cf1fd7894a89f727b8d2db2ad24313a94f68c7
  src/lib/is-plain-object.ts:
    id: b9862591096a
    last_write_checksum: sha1:df687f25a9590b6fd95d39df41a652ae3fd4e517
    pristine_git_object: 61070d3d7c7e5e95b1ed7e7ea21869eb0767db77
  src/lib/logger.ts:
    id: 7ee7741a02bf
    last_write_checksum: sha1:0ec9d3a2a34c362746b767e4f9a746c055d57a7b
    pristine_git_object: d181f2937d4128afbe9b0327e0f81d1fa9c877b7
  src/lib/primitives.ts:
    id: 74859f750b28
    last_write_checksum: sha1:d5fbb4e2feef5747fc8071046bdd4122c87bd066
    pristine_git_object: 668ab9d500d77bee730a619c5fda4a1d3cd1d16c
  src/lib/result.ts:
    id: ab7a4c1c4c71
    last_write_checksum: sha1:d24994d58f37a1ca106847fcc6d2e976c6f1c093
    pristine_git_object: ccbe51eac69dfb0da5131f14fd753c4b47c1d527
  src/lib/retries.ts:
    id: b24a69d15639
    last_write_checksum: sha1:f3da74dffcbe2756c69393f8600205aa1dc06e68
    pristine_git_object: e3ce9aba72150fc3c18f3105d39b21aba809377b
  src/lib/schemas.ts:
    id: deb4b531fae1
    last_write_checksum: sha1:7c7ba40781682f6d44bb585b5016e2527b52660e
    pristine_git_object: 542d9972403c5bc4aa70619f8c4b0af3ef2ce679
  src/lib/sdks.ts:
    id: 8a6d91f1218d
    last_write_checksum: sha1:a762fb288ae077b50fd30263ed3a90f23b087066
    pristine_git_object: 9432a0294b2a3a72bb93aea6640d0ff61715db76
  src/lib/security.ts:
    id: 0502afa7922e
    last_write_checksum: sha1:215d10ed35b66bbf88c723e5563351b7df7866be
    pristine_git_object: 393ee84764f5d558ea6624dbf6bc8b0931038937
  src/lib/url.ts:
    id: b0057e24ed76
    last_write_checksum: sha1:9550819577dc1e514e61496167aefcc137238aaf
    pristine_git_object: 6bc6356e222c4f2c20fda5616e00be6dadfa80f8
  src/mcp-server/build.mts:
    id: f7a2ed2de4d7
    last_write_checksum: sha1:fc08ccde7b8703a94411bb37b97ba5dd51a686db
    pristine_git_object: 1cdf8979378936f964a3c0e6275b7e7a5689a14c
  src/mcp-server/cli.ts:
    id: 4ade0ef98b00
    last_write_checksum: sha1:7331efddde881832342fa8779d23be7445d4480c
    pristine_git_object: b878d8de9f2a0275c3cdbfdcaed48a31092e558a
  src/mcp-server/cli/serve/command.ts:
    id: 7cd4394c80e8
    last_write_checksum: sha1:93c8da56c530ac56b89834599a17deb14070aad6
    pristine_git_object: 07aef2e38046b9d67d86457454107f1fc6b56ac0
  src/mcp-server/cli/serve/impl.ts:
    id: 03e83f226068
    last_write_checksum: sha1:39dfa4fee2fc837273f9de7e71434ff573f1edc3
    pristine_git_object: 20bff910030b2f6bb1de2927cc898d5f293344df
  src/mcp-server/cli/start/command.ts:
    id: b3e53408ccb4
    last_write_checksum: sha1:8ad5e7247f585610923dd44f1e900590f33ab694
    pristine_git_object: 3ad7d6c542902ac769750ae282703e0bacca28a2
  src/mcp-server/cli/start/impl.ts:
    id: 37494f674015
    last_write_checksum: sha1:40bc717369a064adfe3b577afaae258aa8fc1078
    pristine_git_object: aa2d22131a410f0bdd0e3328ec64b18f613f5996
  src/mcp-server/console-logger.ts:
    id: 57aff4ff2e15
    last_write_checksum: sha1:0c4b9b7c79ad0a81359210cb31b9ee4d887d5de1
    pristine_git_object: 640bca96dc5acf142b0a25dedad7ffb5d55c6375
  src/mcp-server/extensions.ts:
    id: 3d9d20ff158f
    last_write_checksum: sha1:27de1e2b8aaedc8965d1d4c4d4c500df1f28b483
    pristine_git_object: 78394e413ea070824f370b829eaf1416883e6680
  src/mcp-server/flags.ts:
    id: 0167e624a516
    last_write_checksum: sha1:e92ccaf64355bd21a955217a1ddb19c69d9d5ced
    pristine_git_object: b98093b551839dff45e2aa3c9db0498fa52ba7de
  src/mcp-server/mcp-server.ts:
    id: aabbc4ab07c1
    last_write_checksum: sha1:6d4719e3e2a858d323dd23b113461625af60962a
    pristine_git_object: 5cbc4d82567cd17b91a0f3ed3d944b448523c69a
  src/mcp-server/prompts.ts:
    id: 26f3d73cbf31
    last_write_checksum: sha1:9031e0fd0a4198465bbe961afc6caa1e61bffc35
    pristine_git_object: 12731381a67571a7bdc060045a1b39e3a58084ab
  src/mcp-server/resources.ts:
    id: cb0c57ebeaea
    last_write_checksum: sha1:5edb0a39836f474eb0ac61fb2c0e59df0097b511
    pristine_git_object: 24271c34f1c439e12628aca72ca23a13b39793ff
  src/mcp-server/scopes.ts:
    id: 8966d24256b2
    last_write_checksum: sha1:77d0eb95785e84f9fd0b27c4612f8c6470489fe4
    pristine_git_object: c25696d4c4f70e081fa5d87ad6891874c509a577
  src/mcp-server/server.ts:
    id: 2784dd48e82a
    last_write_checksum: sha1:db8a78f89d2ea367941b0a67813e2af79ae28b6c
    pristine_git_object: edeebd0bf6f202fbaf2ffedaf8719e712951ba66
  src/mcp-server/shared.ts:
    id: 074e80d4be1e
    last_write_checksum: sha1:19c9034032819a14f15c430de4350c8aba99d725
    pristine_git_object: bb74a74788ebd7d11262f5f63b8fdd29ab817f48
  src/mcp-server/tools.ts:
    id: 654d5d1f2062
    last_write_checksum: sha1:96180b52cd737e5022eebb68783980f6ae8f6877
    pristine_git_object: 87f5a822c338b0af5d1c0b27ff334aa78db37aaa
  src/mcp-server/tools/billingAttach.ts:
    id: 0631bf5cc949
    last_write_checksum: sha1:dfa4128066033362d000e9947b3386cd11ce5783
    pristine_git_object: 37075697177556841cc3a28c555d1f5f7e210532
  src/mcp-server/tools/billingPreviewAttach.ts:
    id: 59821fa33f13
    last_write_checksum: sha1:b2f80c4af1ce721b1a10c23598737c5d6eef48bb
    pristine_git_object: 354435376000f11838249c0abaaeaff142bd7288
  src/mcp-server/tools/billingPreviewUpdate.ts:
    id: f1e3cc3e60b5
    last_write_checksum: sha1:4b4a0da4bd1153c2abaffe645e1f8e3697d30d51
    pristine_git_object: 9747a9eb8b4b9b18e40a21c16832597b2551331f
  src/mcp-server/tools/billingUpdate.ts:
    id: b7e8be3d1194
    last_write_checksum: sha1:c14ac7ccfcb428c392910c0da4e704f61e1974eb
    pristine_git_object: a2b018ac86b30f67e9bfb6d1539a8a62b10a34d2
  src/mcp-server/tools/customersGet.ts:
    id: 1fef81e63ffb
    last_write_checksum: sha1:85d165f61694668e238f75aaa5a793d8d62bf00f
    pristine_git_object: 90e3b8237f45438fb17fd774211e6d69eaaba74d
  src/mcp-server/tools/customersList.ts:
    id: 5b334953771e
    last_write_checksum: sha1:aa705e6b06be539c8db89fd1a41923fdba627392
    pristine_git_object: f960e927c10176b147e1992e0486236c6d838a5f
  src/mcp-server/tools/plansGet.ts:
    id: 81b8b7393b5b
    last_write_checksum: sha1:d1d521ce2c997029045bf8a4688934e0f0aa05b5
    pristine_git_object: ce5057ea72e273c31da406ab0a96fc2caf7b7422
  src/mcp-server/tools/plansList.ts:
    id: b33d3f8fd900
    last_write_checksum: sha1:899ab0bd978e90fd454f1e62adbfa487d30f4790
    pristine_git_object: 861eca3fd08e1e010d0c376d9fd1acd669aa2e86
  src/models/attachop.ts:
    id: 191e1c7c28d1
    last_write_checksum: sha1:433acc48bfbf1ca088d9fc9632bb52edc83fb066
    pristine_git_object: 067f64042b1a12fd02aa9fce59c951094cc09590
  src/models/balance.ts:
    id: d7bbe0a7b446
    last_write_checksum: sha1:91b03e46bc9b97360607adfa3dd6ecf68783943d
    pristine_git_object: cffeb6b2e77680417a1929f9ebda9bcc39b28b28
  src/models/billingupdateop.ts:
    id: 67733725cda2
    last_write_checksum: sha1:fc759647310baa84719e3a5f5423ca564388b629
    pristine_git_object: dd8f5e4041fc5f324ebd0f11a4dc9f8cbd1e7cbe
  src/models/customerexpand.ts:
    id: 9e3d76cc6ea7
    last_write_checksum: sha1:beefacdbbf01e0596070411ec2917027e6ffd185
    pristine_git_object: b5ef9406607b7c2796472978eb978fb1ac2dd542
  src/models/errors/apierror.ts:
    id: e2280e075454
    last_write_checksum: sha1:1a4199dec47757c19b2e88dbd767d7f24ab9522a
    pristine_git_object: 7e098c1187dbd81288c0d2cd8802dfff25a295bf
  src/models/errors/httpclienterrors.ts:
    id: 6948de76af99
    last_write_checksum: sha1:994ced121c54fecd0af038ccfb7855fbfd3868ec
    pristine_git_object: b34f612124c797c2a1106b9735708f679a90b74f
  src/models/errors/sdkvalidationerror.ts:
    id: fb6b2b49c445
    last_write_checksum: sha1:ce8bb73a1243f8ea8fa3b71a181e586e29dd02c9
    pristine_git_object: 7749cf32c29ba2d44124253d9f07fbb1913b89f6
  src/models/getcustomerop.ts:
    id: efd5301d5a50
    last_write_checksum: sha1:735b4a4ab2c89cf44346212f05081717e63bbe59
    pristine_git_object: 4011dce3f7c044c544fae92d12942c92ae9d224d
  src/models/getplanop.ts:
    id: 2084f4f3b49a
    last_write_checksum: sha1:69fb6b4c564ee0f86ec855753347332ad02187a6
    pristine_git_object: 3d600d622effd430a5f87792fce995619564aaf9
  src/models/listcustomersop.ts:
    id: 51f591857d1e
    last_write_checksum: sha1:92083279c9d38ee42daba7805ae180ffdc535d1d
    pristine_git_object: cebce0789556b10f007b42c754166f8cdf217f75
  src/models/listplansop.ts:
    id: 40f5d82e72b9
    last_write_checksum: sha1:bc735a5b41c133714b6398e6f29f56f894eaca49
    pristine_git_object: 99d34c563e72f98fb2888a5bb249e3c971cb5fcd
  src/models/plan.ts:
    id: 9e9698a64fe7
    last_write_checksum: sha1:b014b8b8397ff33d16cecce7457e2707c28c3554
    pristine_git_object: 1178942c84dd036462f915eaedb8dec687702b36
  src/models/previewattachop.ts:
    id: 2f72ea28c4d1
    last_write_checksum: sha1:7eca00a407ffaa8c0ab422fb7d79458339f8f315
    pristine_git_object: 9c96303c425cd758ee24fd76f1274427088980aa
  src/models/previewupdateop.ts:
    id: 98a528a3d1fb
    last_write_checksum: sha1:4ac5f6b154d98ac7b46bd58ad025463a0b2eea51
    pristine_git_object: 4bff1ca35c2fea668154feabd51f0724e6967592
  src/models/security.ts:
    id: d90c6c784ca5
    last_write_checksum: sha1:7c0ff82b5d64f9fc11285a1170f2bd2931cea593
    pristine_git_object: 7a3cb82360a9ed2722cc679e75ccef6e72b1859b
  src/tool-names.ts:
    id: a9977280f9eb
    last_write_checksum: sha1:b00e10deb1becbd69df6f40f268fe68a26ba2d95
    pristine_git_object: a0bd5c1cb3563f56917b7f44e6cce34dc1b828b1
  src/types/async.ts:
    id: fac8da972f86
    last_write_checksum: sha1:3ff07b3feaf390ec1aeb18ff938e139c6c4a9585
    pristine_git_object: 689dba5de50e8769e5f3bb913e3f42a146d15bc1
  src/types/bigint.ts:
    id: 3ca6e3280e43
    last_write_checksum: sha1:ebf6d4b27fc3aa7ff76dbedae9a19fb7f39e5dc7
    pristine_git_object: 91c22c4052617269c44ed145d678d39d8eb24a4d
  src/types/blobs.ts:
    id: f8ab9b326c86
    last_write_checksum: sha1:9cc86e0e9420999afb48d53c57d71584be745fd7
    pristine_git_object: c1cc513af4ca0e96d1525954241592e3f57711bb
  src/types/enums.ts:
    id: 4d03ddfe5100
    last_write_checksum: sha1:384e3fc4bee3f006cd8f39556a44b3508597b8e5
    pristine_git_object: 6fb6d9109d8a9f27160bdb3a20456a5c3a608a51
  src/types/fp.ts:
    id: ae9f0fb8aab6
    last_write_checksum: sha1:d24994d58f37a1ca106847fcc6d2e976c6f1c093
    pristine_git_object: ccbe51eac69dfb0da5131f14fd753c4b47c1d527
  src/types/rfcdate.ts:
    id: 9eb64906dcd6
    last_write_checksum: sha1:8e5f382e02fe21c2f2e24deb1b7bbf8cddd3dd16
    pristine_git_object: c79b3f53a3dd922aa2ace5a4191c8652cf9a8e89
  src/types/streams.ts:
    id: f99be9c4bf14
    last_write_checksum: sha1:cc9ced2dd34a76c3a1bd7784ccda1cc3b37ab9a9
    pristine_git_object: a0163e7a99cea88f21d0ad4ce3af1c720180ee20
  tsconfig.json:
    id: 61ebb9fd6e8c
    last_write_checksum: sha1:2a1769fabf9e934fa0b118db46d3b66cb500a6b7
    pristine_git_object: 0ca48942a1b9cd923d614985dfb81f0dc7e1d298
examples:
  getCustomer:
    speakeasy-default-get-customer:
      parameters:
        header:
          x-api-version: "2.3.0"
      requestBody:
        application/json: {"customer_id": "cus_123"}
      responses:
        "200":
          application/json: {"id": "2ee25a41-0d81-4ad2-8451-ec1aadaefe58", "name": "Patrick", "email": "patrick@useautumn.com", "created_at": 1555.93, "fingerprint": null, "stripe_id": "<id>", "env": "sandbox", "metadata": {}, "send_email_receipts": true, "billing_controls": {}, "subscriptions": [{"id": "<id>", "plan_id": "<id>", "auto_enable": true, "add_on": false, "status": "active", "past_due": false, "canceled_at": 6241.27, "expires_at": 6335.21, "trial_ends_at": 3224.34, "started_at": 8234.53, "current_period_start": 1986.12, "current_period_end": 8143.9, "quantity": 1}], "purchases": [], "balances": {"messages": {"feature_id": "<id>", "granted": 100, "remaining": 0, "usage": 100, "unlimited": false, "overage_allowed": true, "max_purchase": 8544.34, "next_reset_at": 4875.58, "breakdown": [{"id": "cus_ent_39qmLooixXLAqMywgXywjAz96rV", "plan_id": "<id>", "included_grant": 8826.95, "prepaid_grant": 3799.11, "remaining": 0, "usage": 100, "unlimited": false, "reset": {"interval": "month", "resets_at": 8927.45}, "price": null, "expires_at": 3678.26}]}}, "flags": {"advanced_workflows": {"id": "cus_ent_abc123", "plan_id": "pro_plan", "expires_at": null, "feature_id": "advanced_workflows"}}, "config": {"disable_pooled_balance": false}, "processors": {"stripe": {"id": "cus_U0BKxpq1mFhuJO"}}}
  listCustomers:
    speakeasy-default-list-customers:
      parameters:
        header:
          x-api-version: "2.3.0"
      requestBody:
        application/json: {"start_cursor": "", "limit": 10}
      responses:
        "200":
          application/json: {"list": [{"id": "2ee25a41-0d81-4ad2-8451-ec1aadaefe58", "name": "Patrick", "email": "patrick@useautumn.com", "created_at": 2358.1, "fingerprint": null, "stripe_id": null, "env": "sandbox", "metadata": {}, "send_email_receipts": false, "billing_controls": {}, "subscriptions": [{"id": "<id>", "plan_id": "<id>", "auto_enable": true, "add_on": false, "status": "active", "past_due": true, "canceled_at": 1145.98, "expires_at": 4027.68, "trial_ends_at": 910.35, "started_at": 7325.71, "current_period_start": 406.39, "current_period_end": 2629.33, "quantity": 1}], "purchases": [], "balances": {"messages": {"feature_id": "<id>", "granted": 100, "remaining": 0, "usage": 100, "unlimited": false, "overage_allowed": false, "max_purchase": 4531.44, "next_reset_at": 1010.14, "breakdown": [{"id": "cus_ent_39qmLooixXLAqMywgXywjAz96rV", "plan_id": "<id>", "included_grant": 4967.46, "prepaid_grant": 6928.7, "remaining": 0, "usage": 100, "unlimited": false, "reset": {"interval": "month", "resets_at": 7938.58}, "price": null, "expires_at": 7264.51}]}}, "flags": {"advanced_workflows": {"id": "cus_ent_abc123", "plan_id": "pro_plan", "expires_at": null, "feature_id": "advanced_workflows"}}, "config": {"disable_pooled_balance": false}, "processors": {"stripe": {"id": "cus_U0BKxpq1mFhuJO"}}}], "next_cursor": null}
  getPlan:
    speakeasy-default-get-plan:
      parameters:
        header:
          x-api-version: "2.3.0"
      requestBody:
        application/json: {"plan_id": "pro_plan"}
      responses:
        "200":
          application/json: {"id": "pro", "name": "Pro Plan", "description": null, "group": null, "version": 1, "add_on": false, "auto_enable": false, "price": {"amount": 10, "interval": "month", "display": {"primary_text": "<value>"}}, "items": [{"feature_id": "<id>", "included": 100, "unlimited": false, "reset": {"interval": "month"}, "price": {"amount": 0.5, "interval": "month", "billing_units": 7884.12, "billing_method": "usage_based", "max_purchase": 5157.43}, "display": {"primary_text": "<value>"}}, {"feature_id": "<id>", "included": 0, "unlimited": false, "reset": null, "price": {"amount": 10, "interval": "month", "billing_units": 6967.24, "billing_method": "usage_based", "max_purchase": 2631.63}, "display": {"primary_text": "<value>"}}], "created_at": 4279.82, "env": "sandbox", "archived": false, "base_variant_id": "<id>", "config": {"ignore_past_due": false}}
  listPlans:
    speakeasy-default-list-plans:
      parameters:
        header:
          x-api-version: "2.3.0"
      requestBody:
        application/json: {}
      responses:
        "200":
          application/json: {"list": [{"id": "pro", "name": "Pro Plan", "description": null, "group": null, "version": 1, "add_on": true, "auto_enable": false, "price": {"amount": 10, "interval": "month", "display": {"primary_text": "<value>"}}, "items": [{"feature_id": "<id>", "included": 100, "unlimited": false, "reset": {"interval": "month"}, "price": {"amount": 0.5, "interval": "month", "billing_units": 4969.56, "billing_method": "usage_based", "max_purchase": 5540.05}, "display": {"primary_text": "<value>"}}, {"feature_id": "<id>", "included": 0, "unlimited": false, "reset": null, "price": {"amount": 10, "interval": "month", "billing_units": 7445.4, "billing_method": "usage_based", "max_purchase": 66.27}, "display": {"primary_text": "<value>"}}], "created_at": 3936.86, "env": "sandbox", "archived": false, "base_variant_id": "<id>", "config": {"ignore_past_due": false}}]}
  attach:
    speakeasy-default-attach:
      parameters:
        header:
          x-api-version: "2.3.0"
      requestBody:
        application/json: {"customer_id": "cus_123", "plan_id": "pro_plan", "redirect_mode": "if_required", "billing_cycle_anchor": "now"}
      responses:
        "200":
          application/json: {"customer_id": "cus_123", "payment_url": "https://checkout.stripe.com/..."}
  previewAttach:
    speakeasy-default-preview-attach:
      parameters:
        header:
          x-api-version: "2.3.0"
      requestBody:
        application/json: {"customer_id": "cus_123", "plan_id": "pro_plan", "redirect_mode": "if_required", "billing_cycle_anchor": "now"}
      responses:
        "200":
          application/json: {"customer_id": "<id>", "line_items": [], "subtotal": 20, "total": 20, "currency": "usd", "incoming": [], "outgoing": [], "redirect_to_checkout": false, "checkout_type": null}
  billingUpdate:
    speakeasy-default-billing-update:
      parameters:
        header:
          x-api-version: "2.3.0"
      requestBody:
        application/json: {"customer_id": "cus_123", "plan_id": "pro_plan", "feature_quantities": [{"feature_id": "seats", "quantity": 10}], "redirect_mode": "if_required", "billing_cycle_anchor": "now"}
      responses:
        "200":
          application/json: {"customer_id": "cus_123", "invoice": {"status": "paid", "stripe_id": "in_1234", "total": 1500, "currency": "usd", "hosted_invoice_url": "https://invoice.stripe.com/..."}, "payment_url": null}
  previewUpdate:
    speakeasy-default-preview-update:
      parameters:
        header:
          x-api-version: "2.3.0"
      requestBody:
        application/json: {"customer_id": "cus_123", "plan_id": "pro_plan", "feature_quantities": [{"feature_id": "seats", "quantity": 15}], "redirect_mode": "if_required", "billing_cycle_anchor": "now"}
      responses:
        "200":
          application/json: {"customer_id": "<id>", "line_items": [], "subtotal": 20, "total": 20, "currency": "usd", "incoming": [], "outgoing": [], "intent": "uncancel"}
examplesVersion: 1.0.2
