speakeasyVersion: 1.763.5
sources:
    Autumn MCP API:
        sourceNamespace: autumn-mcp-api
        sourceRevisionDigest: sha256:ac9e00525cbcdc0059fe575ddbcd27f84bf807e1068fd8fe04c25277aa432dc9
        sourceBlobDigest: sha256:40c9f7c18c260d514664aaa38d30d635a58bd437bafc75a1438550cf05098c9d
        tags:
            - latest
            - 2.3.0
targets:
    autumn-mcp:
        source: Autumn MCP API
        sourceNamespace: autumn-mcp-api
        sourceRevisionDigest: sha256:ac9e00525cbcdc0059fe575ddbcd27f84bf807e1068fd8fe04c25277aa432dc9
        sourceBlobDigest: sha256:40c9f7c18c260d514664aaa38d30d635a58bd437bafc75a1438550cf05098c9d
workflow:
    workflowVersion: 1.0.0
    speakeasyVersion: latest
    sources:
        Autumn MCP API:
            inputs:
                - location: ../openapi/openapi-mcp.yml
            transformations:
                - removeUnused: false
            output: .speakeasy/out.openapi.yaml
            registry:
                location: registry.speakeasyapi.dev/autumn-gne/autumn/autumn-mcp-api
    targets:
        autumn-mcp:
            target: mcp-typescript
            source: Autumn MCP API
