docs/models/listcustomersautotopup.md
docs/models/updatefeaturedisplayresponse.md
docs/models/preview.md
docs/models/updateentityflags.md
docs/models/updateplanfreetrial.md
docs/models/previewupdatenextcycle.md
docs/models/planresetinterval.md
docs/models/action.md
docs/models/createplantierbehaviorresponse.md
docs/models/customerdatapurchaselimit.md
docs/models/createentitypurchase.md
docs/models/setuppaymentbillingmethod.md
docs/models/getentitypurchase.md
docs/models/updateentitycreditschema.md
docs/models/customerdisplay.md
docs/models/updatefeatureparams.md
docs/models/attachcustomize.md
docs/models/updateplandurationtyperesponse.md
docs/models/previewattachreset.md
docs/models/previewupdatetier.md
docs/models/previewmultiattachglobals.md
docs/models/deletebalanceglobals.md
.vscode/settings.json
docs/models/billingupdateresponse.md
py.typed
docs/models/customerflagstype.md
docs/models/producttype.md
docs/models/previewupdateusagelineitemperiod.md
docs/models/createplanexpirydurationtyperesponse.md
docs/models/getfeaturetype.md
docs/models/previewmultiattachnextcyclediscount.md
docs/models/getorcreatecustomerpurchaselimit.md
docs/models/previewmultiattachbillingmethod.md
docs/models/attachglobals.md
docs/models/customerdatathresholdtype.md
docs/models/updatecustomerfeature.md
docs/models/billingupdateinvoicemode.md
docs/models/item.md
docs/models/previewattachredirectmode.md
docs/models/billingupdateondecrease.md
docs/models/multiattachprice.md
docs/models/createplandurationtyperesponse.md
docs/models/deletebalanceinterval.md
src/autumn_sdk/models/opencustomerportalop.py
docs/models/multiattachitempriceinterval.md
docs/models/multiattachrollover.md
docs/models/updateplanpricerequest.md
docs/models/listeventsglobals.md
docs/models/createplanglobals.md
docs/models/previewmultiattachnextcyclelineitem.md
docs/models/listcustomersresponse.md
docs/models/updatecustomerintervalresponse.md
docs/models/multiattachpriceinterval.md
docs/models/listplansitemprice.md
docs/models/billingupdateto.md
docs/models/createentityparams.md
docs/models/listplansglobals.md
docs/models/createentitydisplay.md
docs/models/updateplanfreetrialparams.md
docs/models/multiattachbaseprice.md
docs/models/product.md
src/autumn_sdk/models/getfeatureop.py
docs/models/previewattachbaseprice.md
docs/models/getplanexpirydurationtype.md
docs/models/binsize.md
docs/models/createentitycreditschema.md
docs/models/attachcarryoverusages.md
docs/models/multiattachdurationtype.md
docs/models/attachpriceinterval.md
docs/models/flagdisplay.md
docs/models/multiattachexpirydurationtype.md
pylintrc
docs/models/listfeaturescreditschema.md
docs/models/trackparams.md
docs/models/previewattachcarryoverbalances.md
pyproject.toml
docs/models/setuppaymenttier.md
scripts/publish.sh
docs/models/listplansexpirydurationtype.md
src/autumn_sdk/__init__.py
src/autumn_sdk/_version.py
docs/models/previewupdateresponse.md
docs/models/checklock.md
docs/models/updateentitybillingcontrolsresponse.md
src/autumn_sdk/basesdk.py
docs/models/previewattachnextcyclelineitem.md
docs/models/previewattachresetinterval.md
src/autumn_sdk/httpclient.py
src/autumn_sdk/py.typed
src/autumn_sdk/types/__init__.py
src/autumn_sdk/types/basemodel.py
docs/models/billingupdatefeaturequantity.md
src/autumn_sdk/utils/__init__.py
src/autumn_sdk/utils/annotations.py
src/autumn_sdk/utils/datetimes.py
src/autumn_sdk/utils/dynamic_imports.py
src/autumn_sdk/utils/enums.py
src/autumn_sdk/utils/eventstreaming.py
src/autumn_sdk/utils/forms.py
src/autumn_sdk/utils/headers.py
src/autumn_sdk/utils/logger.py
src/autumn_sdk/utils/metadata.py
src/autumn_sdk/utils/queryparams.py
src/autumn_sdk/utils/requestbodies.py
src/autumn_sdk/utils/retries.py
src/autumn_sdk/utils/security.py
src/autumn_sdk/utils/serializers.py
docs/models/utils/retryconfig.md
src/autumn_sdk/models/getplanop.py
src/autumn_sdk/events.py
src/autumn_sdk/utils/unmarshal_json_response.py
docs/models/getplanitemprice.md
src/autumn_sdk/utils/url.py
docs/models/multiattachredirectmode.md
src/autumn_sdk/utils/values.py
docs/models/multiattachreset.md
docs/models/updateentityenv.md
docs/models/updatebalanceinterval.md
docs/models/previewupdatenextcyclelineitemperiod.md
docs/models/updateentitythresholdtyperequestbody.md
docs/models/featuretype.md
docs/models/attachcustomlineitem.md
docs/models/getplanreset.md
docs/models/previewattachpriceinterval.md
src/autumn_sdk/models/getentityop.py
docs/models/createentityfeature.md
docs/models/updatecustomerparams.md
docs/models/createplanfreetrialresponse.md
docs/models/createentityflags.md
docs/models/previewattachproration.md
docs/models/previewmultiattachdiscount.md
docs/models/previewattachcheckouttype.md
.gitattributes
docs/models/previewupdateparams.md
src/autumn_sdk/customers.py
src/autumn_sdk/errors/responsevalidationerror.py
docs/models/multiattachfeaturequantity.md
src/autumn_sdk/errors/autumnerror.py
docs/models/checkglobals.md
docs/models/getplanglobals.md
docs/models/multiattachto.md
docs/models/getentitydisplay.md
src/autumn_sdk/errors/autumndefaulterror.py
docs/models/deleteplanglobals.md
src/autumn_sdk/errors/no_response_error.py
docs/models/opencustomerportalparams.md
docs/models/interval.md
docs/models/previewmultiattachplan.md
docs/models/attachitempriceinterval.md
docs/models/updateplanbillingmethodrequest.md
docs/models/finalizelockglobals.md
docs/models/subscription.md
docs/models/createentitysubscription.md
docs/models/deletefeatureresponse.md
docs/models/previewupdatelineitem.md
docs/models/attachresetinterval.md
docs/models/getentityresponse.md
docs/models/updateentitythresholdtyperesponse.md
docs/models/multiattachbillingmethod.md
src/autumn_sdk/models/createbalanceop.py
docs/models/aggregateeventsglobals.md
docs/models/deleteplanresponse.md
docs/models/createplanitem.md
docs/models/createplanitempriceresponse.md
docs/models/customerdatausagealert.md
docs/models/utils/retryconfig.md
docs/models/previewupdaterollover.md
docs/models/previewmultiattachexpirydurationtype.md
docs/models/multiattachcode.md
docs/sdks/events/README.md
docs/models/updatebalanceglobals.md
src/autumn_sdk/models/setuppaymentop.py
docs/models/createplanpricerequest.md
docs/models/flag.md
docs/models/previewmultiattachoutgoing.md
docs/models/updateentitydisplay.md
docs/models/setuppaymentprorationbehavior.md
docs/models/attachtier.md
docs/models/planrollover.md
docs/models/listplansprice.md
docs/models/productscenario.md
docs/models/multiattachplanitem.md
docs/models/updatecustomerspendlimitrequest.md
docs/models/customerinterval.md
docs/models/utils/retryconfig.md
docs/models/previewattachtierbehavior.md
docs/models/invoice.md
docs/models/listfeaturestype.md
docs/models/listfeaturesdisplay.md
docs/models/previewmultiattachnextcyclelineitemperiod.md
docs/models/listplansdurationtype.md
docs/models/updateplanitem.md
docs/models/createbalanceinterval.md
docs/models/getentitystatus.md
docs/models/updateplanresetrequest.md
docs/models/updateplanondecrease.md
docs/models/attachondecrease.md
docs/models/attachonincrease.md
docs/models/createplanenv.md
docs/models/attachbaseprice.md
src/autumn_sdk/models/customer.py
docs/models/updateplanproration.md
docs/models/previewupdaterecalculatebalances.md
docs/models/previewattachitempriceinterval.md
src/autumn_sdk/features.py
docs/models/eventsaggregateparams.md
docs/models/billingupdatebaseprice.md
docs/models/previewupdatenextcyclediscount.md
src/autumn_sdk/models/trackop.py
docs/models/createplanitempricerequest.md
docs/models/trialsused.md
docs/models/updateplanresetresponse.md
docs/models/updateentityinvoice.md
src/autumn_sdk/models/customerdata.py
docs/models/createplandurationtyperequest.md
docs/models/listcustomerslist.md
docs/models/billingupdatecustomize.md
docs/models/previewupdatecustomize.md
docs/models/updatesubscriptionparams.md
docs/models/createplanpriceintervalresponse.md
docs/models/billingupdatebillingmethod.md
docs/models/listcustomersflags.md
docs/models/updateplanstatus.md
docs/models/deleteentityglobals.md
docs/models/security.md
docs/models/entityenv.md
docs/models/createplanbillingmethodrequest.md
docs/models/attachproration.md
docs/models/checkonincrease.md
docs/models/updateplanresetintervalresponse.md
docs/models/updateplancustomereligibility.md
docs/models/getplanfreetrial.md
docs/models/listeventscustomrange.md
docs/models/attachprorationbehavior.md
docs/models/previewattachto.md
docs/models/updateplanexpirydurationtyperequest.md
docs/models/utils/retryconfig.md
docs/models/balancetierbehavior.md
docs/models/listplansitemdisplay.md
docs/sdks/autumn/README.md
docs/models/previewmultiattachreset.md
docs/models/trackresponse.md
docs/models/updateplancreditschema.md
src/autumn_sdk/billing.py
docs/models/billingupdateredirectmode.md
docs/models/createplanpriceitemintervalresponse.md
docs/models/balancecreditschema.md
src/autumn_sdk/models/plan.py
docs/models/createfeaturecreditschemarequest.md
docs/models/createplanpriceresponse.md
src/autumn_sdk/models/listplansop.py
docs/models/freetrial.md
src/autumn_sdk/models/aggregateeventsop.py
src/autumn_sdk/models/internal/globals.py
src/autumn_sdk/models/attachop.py
docs/models/updatecustomerthresholdtyperequestbody.md
docs/models/scenario.md
docs/models/multiattachusagealert.md
docs/models/attachinvoice.md
docs/models/updateplanexpirydurationtyperesponse.md
docs/models/customerdatabillingcontrols.md
docs/models/previewmultiattachusagelineitem.md
docs/models/previewupdateto.md
docs/models/setuppaymentcustomlineitem.md
src/autumn_sdk/models/deletecustomerop.py
docs/models/rewards.md
docs/models/planfeaturedisplay.md
docs/models/createfeaturecreditschemaresponse.md
docs/models/previewmultiattachnextcycle.md
docs/models/updatefeaturedisplayrequest.md
docs/models/multiattachcustomize.md
docs/models/updateentitytype.md
docs/models/previewupdatefeaturequantityrequest.md
docs/models/createplanresetintervalrequest.md
docs/models/updateentitystatus.md
docs/models/previewattachdurationtype.md
docs/models/previewattachoutgoingfeaturequantity.md
docs/models/updateplanenv.md
docs/models/previewmultiattachentitydata.md
docs/models/listfeaturesglobals.md
docs/models/redeemreferralcodeparams.md
docs/models/customerdata.md
docs/models/balancedisplay.md
docs/models/setuppaymentresponse.md
docs/models/setuppaymentitempriceinterval.md
docs/models/checkondecrease.md
docs/models/previewmultiattachoutgoingfeaturequantity.md
docs/models/previewattachtier.md
docs/models/listfeatureslist.md
src/autumn_sdk/models/deleteplanop.py
docs/models/previewattachbillingmethod.md
docs/models/setuppaymentfeaturequantity.md
docs/models/freetrialrequest.md
docs/models/updateplanfeature.md
docs/models/updatecustomerthresholdtyperesponse.md
docs/models/range.md
src/autumn_sdk/sdkconfiguration.py
docs/models/createentityenv.md
docs/models/getfeatureglobals.md
docs/models/updateplanbillingmethodresponse.md
docs/models/listplansresetinterval.md
docs/models/getfeaturecreditschema.md
src/autumn_sdk/models/createreferralcodeop.py
docs/models/previewupdatereset.md
docs/models/attachcarryoverbalances.md
docs/models/billingupdateresetinterval.md
docs/models/getplanresetinterval.md
docs/models/checkinterval.md
docs/models/getentitybillingcontrols.md
docs/models/balancerollover.md
docs/models/previewmultiattachplanitem.md
docs/models/getplantype.md
docs/models/updatebalanceparams.md
docs/models/previewmultiattachondecrease.md
docs/models/listplanscreditschema.md
src/autumn_sdk/models/createfeatureop.py
docs/models/createfeaturedisplayresponse.md
docs/models/multiattachresponse.md
docs/models/createentitythresholdtyperesponse.md
docs/models/getorcreatecustomerbillingcontrols.md
docs/models/customer.md
docs/models/updatecustomerstatus.md
docs/models/utils/retryconfig.md
docs/models/utils/retryconfig.md
docs/models/multiattachparams.md
docs/models/updateentityfeature.md
docs/models/previewupdatefreetrialparams.md
docs/models/previewattachcustomize.md
docs/models/createplanondecrease.md
docs/models/listplanslist.md
docs/models/attachplanitem.md
docs/models/previewattachlineitem.md
docs/models/billingupdateplanitem.md
docs/models/getorcreatecustomerglobals.md
docs/models/planitemdisplay.md
docs/models/updateplanpriceintervalresponse.md
docs/models/previewmultiattachusagelineitemperiod.md
docs/models/updatefeaturetyperequest.md
docs/models/listplanspriceinterval.md
docs/models/aggregateeventsresponse.md
docs/models/getentityparams.md
docs/models/getplancreditschema.md
docs/models/getfeaturedisplay.md
src/autumn_sdk/models/updateentityop.py
docs/models/getorcreatecustomerparams.md
docs/models/deletefeatureparams.md
docs/models/createplanpriceintervalrequest.md
docs/models/updateplandurationtyperequest.md
docs/models/listfeaturesresponse.md
docs/models/updatecustomerpurchaselimitresponse.md
docs/models/finalizebalanceparams.md
docs/models/updateentityparams.md
docs/models/previewmultiattachlineitem.md
docs/models/planpriceinterval.md
docs/models/previewmultiattachspendlimit.md
docs/models/previewmultiattachattachdiscount.md
docs/models/planitemprice.md
docs/models/listcustomerstype.md
docs/models/previewupdateredirectmode.md
docs/models/previewupdatediscount.md
docs/models/getplanattachaction.md
docs/models/previewattachresponse.md
docs/models/listcustomersspendlimit.md
docs/models/updatecustomerenv.md
docs/models/previewmultiattachprice.md
docs/models/previewattachplanschedule.md
docs/models/createplanresetintervalresponse.md
docs/models/previewattachlineitemperiod.md
docs/models/createplanresetresponse.md
docs/models/multiattachtier.md
docs/models/previewattachinvoicemode.md
docs/models/createentitybillingcontrolsresponse.md
docs/models/listplanstype.md
docs/models/billingupdaterollover.md
src/autumn_sdk/models/internal/__init__.py
docs/models/freetrialduration.md
docs/models/planpricedisplay.md
docs/models/createbalanceparams.md
src/autumn_sdk/models/deletefeatureop.py
docs/models/updateplanpriceresponse.md
docs/models/previewattachfreetrialparams.md
docs/models/previewupdateinvoicemode.md
docs/models/attachprice.md
docs/models/attachexpirydurationtype.md
docs/models/customerenv.md
docs/models/previewupdateoutgoing.md
docs/models/deletebalanceparams.md
docs/models/updatecustomerbillingcontrolsresponse.md
docs/models/setuppaymentglobals.md
docs/models/updateplanrolloverrequest.md
docs/models/listplanspriceiteminterval.md
docs/models/getplanstatus.md
docs/models/multiattachresetinterval.md
docs/models/previewmultiattachonincrease.md
docs/models/previewmultiattachincoming.md
docs/models/createfeatureresponse.md
docs/models/planprice.md
docs/models/attachdurationtype.md
docs/models/previewmultiattachdurationtype.md
docs/models/listcustomersglobals.md
docs/models/createplantierbehaviorrequest.md
docs/models/updateplanitempriceresponse.md
docs/models/previewattachnextcycle.md
docs/models/rolloverduration.md
docs/models/listplansfreetrial.md
docs/models/updateplanplanitem.md
docs/models/listplansresponse.md
docs/models/updateplanitempriceintervalrequest.md
docs/models/billingupdateonincrease.md
docs/models/updatecustomercreditschema.md
docs/models/createplanresetrequest.md
docs/models/createplantype.md
docs/models/previewmultiattachtier.md
docs/models/updateplanfeaturedisplay.md
docs/models/flagtype.md
docs/models/attachattachdiscount.md
docs/models/getfeatureresponse.md
docs/models/utils/retryconfig.md
docs/models/utils/retryconfig.md
docs/sdks/referrals/README.md
docs/models/updateentitybillingcontrolsrequest.md
docs/models/billingupdateitempriceinterval.md
src/autumn_sdk/models/createentityop.py
docs/models/attachrollover.md
src/autumn_sdk/_hooks/types.py
docs/models/updateplanpricedisplay.md
docs/models/previewupdatepriceinterval.md
docs/models/billingupdateglobals.md
docs/models/createplanparams.md
docs/models/setuppaymentfreetrialparams.md
docs/models/previewattachondecrease.md
src/autumn_sdk/models/getorcreatecustomerop.py
src/autumn_sdk/_hooks/__init__.py
docs/models/previewattachnextcyclediscount.md
docs/models/getentityfeature.md
docs/models/updateplanbaseprice.md
docs/models/expirydurationtype.md
docs/models/aggregateeventsfeatureid.md
docs/models/updateentityresponse.md
src/autumn_sdk/models/balance.py
src/autumn_sdk/models/updatebalanceop.py
docs/models/setuppaymentplanitem.md
docs/models/previewmultiattachusagealert.md
docs/models/utils/retryconfig.md
docs/models/updatefeatureresponse.md
docs/models/updateentityusagealertresponse.md
docs/models/balanceintervalenum.md
docs/models/billingupdatedurationtype.md
docs/models/previewupdateondecrease.md
src/autumn_sdk/models/createplanop.py
src/autumn_sdk/referrals.py
docs/models/createentityglobals.md
src/autumn_sdk/models/listeventsop.py
docs/models/listplansenv.md
docs/models/flags.md
docs/models/updatecustomerusagealertrequestbody.md
docs/models/setuppaymenttierbehavior.md
docs/models/createfeaturedisplayrequest.md
docs/models/multiattachspendlimit.md
docs/models/createbalanceglobals.md
docs/models/listeventsresponse.md
src/autumn_sdk/balances.py
docs/models/listcustomersinterval.md
docs/models/planbillingmethod.md
docs/models/getorcreatecustomerusagealert.md
docs/models/previewattachfeaturequantityrequest.md
docs/models/checktierbehavior.md
docs/models/customerdataspendlimit.md
docs/models/customerpurchaselimit.md
docs/models/eventslistparams.md
docs/models/internal/globals.md
src/autumn_sdk/models/updatecustomerop.py
docs/models/getorcreatecustomerspendlimit.md
docs/models/listeventsproperties.md
src/autumn_sdk/_hooks/sdkhooks.py
docs/models/utils/retryconfig.md
docs/models/customerbillingcontrols.md
docs/models/previewmultiattachincomingfeaturequantity.md
docs/models/billingupdatecode.md
docs/models/previewupdatebaseprice.md
docs/models/createentityresponse.md
docs/models/previewmultiattachredirectmode.md
docs/models/billingupdatetierbehavior.md
docs/models/createplanstatus.md
docs/models/deletebalanceresponse.md
docs/models/billingupdateinvoice.md
docs/models/customercreditschema.md
docs/models/createentityusagealertrequestbody.md
docs/models/previewmultiattachcheckouttype.md
src/autumn_sdk/models/redeemreferralcodeop.py
docs/models/total.md
docs/models/updateplanresponse.md
docs/models/createplanrolloverresponse.md
docs/models/createplanrolloverrequest.md
docs/models/attachaction.md
docs/models/opencustomerportalglobals.md
docs/models/listcustomersusagealert.md
docs/models/deletecustomerparams.md
docs/models/attachrequiredaction.md
docs/models/getplanpriceinterval.md
docs/models/previewattachusagelineitem.md
docs/models/previewattachglobals.md
docs/models/referralcustomer.md
docs/models/balancetype.md
docs/models/getplanresponse.md
docs/models/updatecustomerpurchaselimitrequest.md
docs/models/createbalanceresponse.md
docs/models/multiattachinvoicemode.md
docs/models/createreferralcodeglobals.md
docs/models/multiattachrequiredaction.md
docs/models/listplansfeaturedisplay.md
docs/models/billingupdateprice.md
docs/models/previewupdateplanitem.md
docs/models/previewattachdiscount.md
docs/models/previewupdateoutgoingfeaturequantity.md
docs/models/updatecustomerglobals.md
docs/models/aggregateeventscustomrange.md
docs/models/multiattachthresholdtype.md
docs/models/previewupdateproration.md
docs/models/multiattachondecrease.md
docs/models/getentityenv.md
docs/models/plan.md
src/autumn_sdk/models/updatefeatureop.py
docs/models/subscriptionstatus.md
src/autumn_sdk/models/finalizelockop.py
docs/models/utils/retryconfig.md
docs/models/setuppaymentcarryoverbalances.md
docs/models/entity.md
docs/models/createbalancereset.md
docs/models/getorcreatecustomerthresholdtype.md
docs/models/createentityspendlimitrequest.md
docs/models/setuppaymentcarryoverusages.md
USAGE.md
docs/models/updateplantierbehaviorresponse.md
docs/models/createplanto.md
docs/models/previewmultiattachparams.md
docs/models/setuppaymentcustomize.md
docs/models/multiattachattachdiscount.md
docs/models/createfeatureparams.md
docs/models/config.md
docs/models/createfeaturetyperequest.md
docs/models/previewupdatelineitemperiod.md
docs/models/createplanbillingmethodresponse.md
docs/models/attachinvoicemode.md
docs/models/plantierbehavior.md
docs/models/previewupdatecancelaction.md
docs/models/getentitythresholdtype.md
docs/models/checkresponse.md
docs/models/plandurationtype.md
docs/models/updatecustomerintervalrequest.md
docs/models/updatecustomerspendlimitresponse.md
docs/models/previewmultiattachbillingcontrols.md
docs/models/createentitystatus.md
docs/models/updatefeatureglobals.md
docs/models/aggregateeventslist.md
docs/models/previewmultiattachresetinterval.md
docs/models/updatebalanceresponse.md
docs/models/redeemreferralcoderesponse.md
docs/models/utils/retryconfig.md
docs/models/setuppaymentprice.md
docs/models/updateplanattachaction.md
docs/models/setuppaymentexpirydurationtype.md
docs/sdks/customers/README.md
docs/models/setuppaymentproration.md
src/autumn_sdk/models/previewupdateop.py
docs/models/previewattachonincrease.md
docs/models/updateentityusagealertrequestbody.md
docs/models/referral.md
docs/models/previewmultiattachfreetrialparams.md
src/autumn_sdk/models/listfeaturesop.py
docs/models/previewupdatebillingmethod.md
docs/models/updateplantype.md
docs/models/listcustomerscreditschema.md
docs/models/getplanbillingmethod.md
docs/models/createplanitempriceintervalrequest.md
docs/models/getplanfeature.md
docs/models/setuppaymentbaseprice.md
docs/models/createplanfeature.md
docs/models/multiattachplan.md
docs/models/previewupdateglobals.md
docs/models/previewattachattachdiscount.md
docs/models/getplanitemdisplay.md
docs/models/billingupdateproration.md
docs/models/checkitem.md
docs/models/setuppaymentattachdiscount.md
docs/models/createentitybillingcontrolsrequest.md
docs/models/multiattachinvoice.md
docs/models/previewmultiattachbaseprice.md
docs/models/createentityspendlimitresponse.md
docs/models/attachcode.md
docs/models/multiattachglobals.md
docs/models/listcustomersbillingcontrols.md
docs/models/updatecustomertype.md
docs/models/tracklock.md
docs/models/updatecustomerautotopupresponse.md
docs/models/updatecustomerflags.md
docs/models/previewattachcustomlineitem.md
docs/models/productdisplay.md
docs/models/updateplanglobals.md
docs/models/deletefeatureglobals.md
docs/models/balanceprice.md
docs/models/previewmultiattachrollover.md
docs/models/createplanattachaction.md
docs/models/previewattachoutgoing.md
docs/models/getplanrollover.md
docs/models/previewmultiattachtierbehavior.md
docs/models/intent.md
docs/models/setuppaymentpriceinterval.md
docs/models/customerspendlimit.md
docs/models/previewmultiattachto.md
src/autumn_sdk/models/__init__.py
src/autumn_sdk/models/deleteentityop.py
docs/models/utils/retryconfig.md
docs/models/purchase.md
docs/models/deleteentityresponse.md
docs/models/checkparams.md
docs/models/attachplanschedule.md
docs/models/updatecustomerusagealertresponse.md
docs/models/createplanonincrease.md
docs/models/previewattachincomingfeaturequantity.md
docs/models/previewattachnextcyclelineitemperiod.md
docs/models/listplansitem.md
docs/models/previewupdateusagelineitem.md
docs/models/previewmultiattachcustomize.md
docs/models/setuppaymentrollover.md
docs/models/createplanproration.md
docs/models/getentityglobals.md
docs/models/updateplanresetintervalrequest.md
docs/models/listcustomersdisplay.md
docs/models/previewmultiattachthresholdtype.md
docs/models/createreferralcoderesponse.md
docs/models/getentityflags.md
src/autumn_sdk/models/previewattachop.py
docs/models/getplandurationtype.md
docs/models/updateentityspendlimitresponse.md
docs/models/previewmultiattachlineitemperiod.md
docs/models/listeventslist.md
docs/models/setuppaymentdurationtype.md
docs/models/listcustomersfeature.md
docs/models/planstatus.md
docs/models/getentityinvoice.md
docs/models/getplanpriceiteminterval.md
docs/models/createentitythresholdtyperequestbody.md
docs/models/previewattachincoming.md
docs/models/createplanexpirydurationtyperequest.md
docs/models/finalizelockresponse.md
docs/models/attachparams.md
docs/models/updateplanonincrease.md
docs/models/previewupdateexpirydurationtype.md
docs/models/updatecustomerpurchase.md
docs/models/multiattachonincrease.md
docs/models/previewmultiattachinvoicemode.md
docs/models/listcustomerspurchase.md
docs/models/getplanfeaturedisplay.md
docs/models/getplanenv.md
docs/models/createplancustomereligibility.md
docs/models/customerdatainterval.md
docs/models/discount.md
docs/models/getorcreatecustomerinterval.md
docs/models/previewattachusagelineitemperiod.md
docs/models/opencustomerportalresponse.md
docs/models/listcustomerspurchaselimit.md
docs/models/createplanplanitem.md
docs/models/usagemodel.md
docs/models/listeventsfeatureid.md
docs/models/trackglobals.md
docs/models/listcustomersthresholdtype.md
docs/models/updatecustomersubscription.md
docs/models/updateentitypurchase.md
docs/models/updatefeaturecreditschemaresponse.md
docs/models/billingupdaterequiredaction.md
docs/models/listplanscustomereligibility.md
docs/models/previewmultiattachitempriceinterval.md
docs/models/billingupdateexpirydurationtype.md
docs/models/setuppaymentondecrease.md
docs/models/balancereset.md
docs/models/listplansstatus.md
docs/models/previewattachplanitem.md
docs/models/getentitysubscription.md
docs/models/listplansparams.md
docs/models/planpriceiteminterval.md
docs/models/updatefeaturecreditschemarequest.md
docs/models/plancreditschema.md
docs/models/attachtierbehavior.md
docs/models/redeemreferralcodeglobals.md
docs/models/previewattachcarryoverusages.md
docs/models/previewattachparams.md
docs/models/listplansattachaction.md
docs/models/utils/retryconfig.md
docs/models/updateplanparams.md
docs/models/customerdataautotopup.md
docs/models/attachfeaturequantity.md
docs/models/updateentityspendlimitrequest.md
docs/models/checkproperties.md
docs/models/billingupdaterecalculatebalances.md
src/autumn_sdk/entities.py
docs/models/billingupdatetier.md
docs/models/checkcreditschema.md
docs/models/previewattachexpirydurationtype.md
docs/models/setuppaymentto.md
docs/models/balance.md
docs/models/previewupdateprorationbehavior.md
docs/models/updateplanpriceitemintervalresponse.md
docs/models/previewmultiattachproration.md
docs/models/createreferralcodeparams.md
docs/models/customerfeature.md
src/autumn_sdk/models/previewmultiattachop.py
docs/models/attachreset.md
docs/models/listplanstierbehavior.md
docs/models/customerthresholdtype.md
src/autumn_sdk/models/listcustomersop.py
docs/models/updateplantierbehaviorrequest.md
src/autumn_sdk/models/deletebalanceop.py
docs/models/updateplantier.md
docs/models/updatecustomerautotopuprequest.md
docs/models/createfeaturetyperesponse.md
docs/models/billingupdatepriceinterval.md
docs/models/rewardstype.md
docs/models/updateentitysubscription.md
docs/models/previewattachprice.md
docs/models/createentitytype.md
docs/models/planreset.md
docs/models/listcustomersplan.md
docs/models/listplansreset.md
docs/models/createfeatureglobals.md
docs/models/previewmultiattachresponse.md
docs/models/getplanparams.md
docs/models/deletecustomerglobals.md
docs/models/getorcreatecustomerautotopup.md
docs/models/utils/retryconfig.md
docs/models/previewattachrollover.md
docs/sdks/plans/README.md
docs/models/attachresponse.md
docs/models/createplantier.md
src/autumn_sdk/errors/__init__.py
docs/models/listfeaturesrequest.md
docs/models/updateplanrolloverresponse.md
docs/models/previewupdateincoming.md
docs/models/previewmultiattachpriceinterval.md
docs/models/getplanitem.md
docs/models/previewupdateincomingfeaturequantity.md
docs/models/listcustomersstatus.md
docs/models/checkrollover.md
docs/models/createplancreditschema.md
docs/models/getentitycreditschema.md
docs/models/attachredirectmode.md
docs/models/utils/retryconfig.md
docs/models/previewupdateresetinterval.md
docs/models/checkfreetrial.md
docs/models/listplansbillingmethod.md
docs/models/planenv.md
docs/models/listcustomersenv.md
docs/models/previewupdateonincrease.md
docs/models/previewupdateprice.md
docs/models/multiattachentitydata.md
docs/models/setuppaymentonincrease.md
docs/models/utils/retryconfig.md
src/autumn_sdk/sdk.py
docs/models/listplanspricedisplay.md
docs/models/getplantierbehavior.md
docs/models/previewupdatedurationtype.md
docs/models/deletecustomerresponse.md
docs/models/createplanitemdisplay.md
docs/models/getentityusagealert.md
docs/models/getfeatureparams.md
docs/models/multiattachfreetrialparams.md
docs/models/attachto.md
docs/models/breakdown.md
docs/models/utils/retryconfig.md
docs/models/updatecustomerresponse.md
docs/models/setuppaymentreset.md
src/autumn_sdk/plans.py
docs/models/attachbillingmethod.md
docs/models/updateentityglobals.md
docs/models/previewupdatenextcyclelineitem.md
docs/models/balancefeature.md
docs/models/billingupdatecancelaction.md
docs/models/customerautotopup.md
docs/models/createentityusagealertresponse.md
docs/models/utils/retryconfig.md
docs/models/utils/retryconfig.md
src/autumn_sdk/models/billingupdateop.py
docs/models/updatefeaturetyperesponse.md
docs/models/customerusagealert.md
docs/models/deleteplanparams.md
docs/models/multiattachtierbehavior.md
docs/models/utils/retryconfig.md
docs/models/utils/retryconfig.md
docs/models/utils/retryconfig.md
docs/sdks/entities/README.md
docs/models/updatecustomerdisplay.md
src/autumn_sdk/models/multiattachop.py
docs/models/previewupdateitempriceinterval.md
docs/models/setuppaymentparams.md
docs/models/setuppaymentresetinterval.md
docs/models/listplansrollover.md
docs/models/utils/retryconfig.md
docs/sdks/features/README.md
docs/models/previewupdatetierbehavior.md
docs/models/getplancustomereligibility.md
docs/models/checkfeature.md
docs/models/attachfreetrialparams.md
src/autumn_sdk/models/checkop.py
docs/models/planfeature.md
docs/models/previewattachprorationbehavior.md
docs/models/createentityinvoice.md
docs/models/billingupdatefreetrialparams.md
docs/models/customerstatus.md
docs/models/updateplanto.md
docs/models/updateplanitemdisplay.md
docs/models/checkenv.md
docs/models/customerdurationtype.md
docs/models/createplanresponse.md
docs/models/listcustomersparams.md
docs/models/multiattachproration.md
src/autumn_sdk/models/updateplanop.py
docs/models/includedusage.md
docs/models/deleteentityparams.md
docs/models/balancebillingmethod.md
docs/models/createplanpricedisplay.md
docs/models/listcustomerssubscription.md
docs/models/previewmultiattachplanfeaturequantity.md
docs/models/createplanfeaturedisplay.md
docs/models/billingupdateprorationbehavior.md
docs/models/updatecustomerbillingcontrolsrequest.md
docs/models/getplanprice.md
docs/models/multiattachbillingcontrols.md
docs/models/getentitytype.md
docs/models/listplansfeature.md
docs/models/utils/retryconfig.md
docs/models/utils/retryconfig.md
docs/models/utils/retryconfig.md
docs/models/utils/retryconfig.md
docs/models/utils/retryconfig.md
docs/models/utils/retryconfig.md
docs/models/utils/retryconfig.md
docs/models/utils/retryconfig.md
docs/sdks/billing/README.md
docs/models/updateplanpriceintervalrequest.md
src/autumn_sdk/models/security.py
docs/models/billingupdatereset.md
docs/models/getentityspendlimit.md
docs/models/getplanpricedisplay.md
docs/models/utils/retryconfig.md
docs/models/utils/retryconfig.md
docs/models/utils/retryconfig.md
docs/models/utils/retryconfig.md
docs/sdks/balances/README.md
docs/models/plantype.md
docs/models/customereligibility.md
